
Microsoft Visual Studio Solution File, Format Version 12.00
# Visual Studio Version 17
VisualStudioVersion = 17.3.32929.385
MinimumVisualStudioVersion = 10.0.40219.1
Project("{FAE04EC0-301F-11D3-BF4B-00C04F79EFBC}") = "Lab3A", "Lab3A\Lab3A.csproj", "{844CCF39-6666-4356-8A20-97324A46704A}"
EndProject
Project("{FAE04EC0-301F-11D3-BF4B-00C04F79EFBC}") = "Lab3B", "Lab3B\Lab3B.csproj", "{3F11068F-55C9-4055-88D8-58929D5FF829}"
EndProject
Global
	GlobalSection(SolutionConfigurationPlatforms) = preSolution
		Debug|Any CPU = Debug|Any CPU
		Release|Any CPU = Release|Any CPU
	EndGlobalSection
	GlobalSection(ProjectConfigurationPlatforms) = postSolution
		{844CCF39-6666-4356-8A20-97324A46704A}.Debug|Any CPU.ActiveCfg = Debug|Any CPU
		{844CCF39-6666-4356-8A20-97324A46704A}.Debug|Any CPU.Build.0 = Debug|Any CPU
		{844CCF39-6666-4356-8A20-97324A46704A}.Release|Any CPU.ActiveCfg = Release|Any CPU
		{844CCF39-6666-4356-8A20-97324A46704A}.Release|Any CPU.Build.0 = Release|Any CPU
		{3F11068F-55C9-4055-88D8-58929D5FF829}.Debug|Any CPU.ActiveCfg = Debug|Any CPU
		{3F11068F-55C9-4055-88D8-58929D5FF829}.Debug|Any CPU.Build.0 = Debug|Any CPU
		{3F11068F-55C9-4055-88D8-58929D5FF829}.Release|Any CPU.ActiveCfg = Release|Any CPU
		{3F11068F-55C9-4055-88D8-58929D5FF829}.Release|Any CPU.Build.0 = Release|Any CPU
	EndGlobalSection
	GlobalSection(SolutionProperties) = preSolution
		HideSolutionNode = FALSE
	EndGlobalSection
	GlobalSection(ExtensibilityGlobals) = postSolution
		SolutionGuid = {2EB69C48-53A2-44AA-8F9A-4FE08863C467}
	EndGlobalSection
EndGlobal
